
Microsoft Visual Studio Solution File, Format Version 12.00
# Visual Studio 14
VisualStudioVersion = 14.0.24720.0
MinimumVisualStudioVersion = 10.0.40219.1
Project("{FAE04EC0-301F-11D3-BF4B-00C04F79EFBC}") = "MyGame", "MyGame\MyGame\MyGame.csproj", "{F3867BCD-163C-405A-B049-3155B49E367F}"
EndProject
Project("{FAE04EC0-301F-11D3-BF4B-00C04F79EFBC}") = "MyGameContent", "MyGame\MyGameContent\MyGameContent.contentproj", "{6F4A6E05-F3B0-4B69-8EDF-49CAFEEF5EC0}"
EndProject
Global
	GlobalSection(SolutionConfigurationPlatforms) = preSolution
		Debug|x86 = Debug|x86
		Release|x86 = Release|x86
	EndGlobalSection
	GlobalSection(ProjectConfigurationPlatforms) = postSolution
		{F3867BCD-163C-405A-B049-3155B49E367F}.Debug|x86.ActiveCfg = Debug|x86
		{F3867BCD-163C-405A-B049-3155B49E367F}.Debug|x86.Build.0 = Debug|x86
		{F3867BCD-163C-405A-B049-3155B49E367F}.Release|x86.ActiveCfg = Release|x86
		{F3867BCD-163C-405A-B049-3155B49E367F}.Release|x86.Build.0 = Release|x86
		{6F4A6E05-F3B0-4B69-8EDF-49CAFEEF5EC0}.Debug|x86.ActiveCfg = Debug|x86
		{6F4A6E05-F3B0-4B69-8EDF-49CAFEEF5EC0}.Release|x86.ActiveCfg = Release|x86
	EndGlobalSection
	GlobalSection(SolutionProperties) = preSolution
		HideSolutionNode = FALSE
	EndGlobalSection
EndGlobal
